// !$*UTF8*$!
{
	archiveVersion = 1;
	classes = {
	};
	objectVersion = 55;
	objects = {

/* Begin PBXBuildFile section */
		7F1D0C0528B5352C00DE7304 /* Constants.swift in Sources */ = {isa = PBXBuildFile; fileRef = 7F1D0C0428B5352C00DE7304 /* Constants.swift */; };
		7F1D0C0928B53A6000DE7304 /* RecipesRow.swift in Sources */ = {isa = PBXBuildFile; fileRef = 7F1D0C0828B53A6000DE7304 /* RecipesRow.swift */; };
		7F1D0C0B28B53A9A00DE7304 /* FiltersView.swift in Sources */ = {isa = PBXBuildFile; fileRef = 7F1D0C0A28B53A9A00DE7304 /* FiltersView.swift */; };
		7F1D0C0D28B53AC200DE7304 /* HealthLablesViews.swift in Sources */ = {isa = PBXBuildFile; fileRef = 7F1D0C0C28B53AC200DE7304 /* HealthLablesViews.swift */; };
		7F1D0C0F28B53AEB00DE7304 /* RecipesList.swift in Sources */ = {isa = PBXBuildFile; fileRef = 7F1D0C0E28B53AEB00DE7304 /* RecipesList.swift */; };
		7F1D0C1128B58E5800DE7304 /* EmptyListViewBuilder.swift in Sources */ = {isa = PBXBuildFile; fileRef = 7F1D0C1028B58E5800DE7304 /* EmptyListViewBuilder.swift */; };
		7F36667C28B61269007175CD /* SafariView.swift in Sources */ = {isa = PBXBuildFile; fileRef = 7F36667B28B61269007175CD /* SafariView.swift */; };
		7F8D98D228B47D4700B09423 /* RecipesSearchSwiftUIApp.swift in Sources */ = {isa = PBXBuildFile; fileRef = 7F8D98D128B47D4700B09423 /* RecipesSearchSwiftUIApp.swift */; };
		7F8D98D428B47D4700B09423 /* ContentView.swift in Sources */ = {isa = PBXBuildFile; fileRef = 7F8D98D328B47D4700B09423 /* ContentView.swift */; };
		7F8D98D628B47D4900B09423 /* Assets.xcassets in Resources */ = {isa = PBXBuildFile; fileRef = 7F8D98D528B47D4900B09423 /* Assets.xcassets */; };
		7F8D98D928B47D4900B09423 /* Preview Assets.xcassets in Resources */ = {isa = PBXBuildFile; fileRef = 7F8D98D828B47D4900B09423 /* Preview Assets.xcassets */; };
		7F8D98E328B47D4900B09423 /* RecipesSearchSwiftUITests.swift in Sources */ = {isa = PBXBuildFile; fileRef = 7F8D98E228B47D4900B09423 /* RecipesSearchSwiftUITests.swift */; };
		7F8D98ED28B47D4900B09423 /* RecipesSearchSwiftUIUITests.swift in Sources */ = {isa = PBXBuildFile; fileRef = 7F8D98EC28B47D4900B09423 /* RecipesSearchSwiftUIUITests.swift */; };
		7F8D98EF28B47D4900B09423 /* RecipesSearchSwiftUIUITestsLaunchTests.swift in Sources */ = {isa = PBXBuildFile; fileRef = 7F8D98EE28B47D4900B09423 /* RecipesSearchSwiftUIUITestsLaunchTests.swift */; };
		7F8D98FD28B4DA1000B09423 /* Alamofire in Frameworks */ = {isa = PBXBuildFile; productRef = 7F8D98FC28B4DA1000B09423 /* Alamofire */; };
		7F8D990028B4DB0400B09423 /* RecipesListView.swift in Sources */ = {isa = PBXBuildFile; fileRef = 7F8D98FF28B4DB0400B09423 /* RecipesListView.swift */; };
		7F8D990328B4DB8D00B09423 /* ResponseModel.swift in Sources */ = {isa = PBXBuildFile; fileRef = 7F8D990228B4DB8D00B09423 /* ResponseModel.swift */; };
		7F8D990628B4DC3B00B09423 /* RecipesViewModel.swift in Sources */ = {isa = PBXBuildFile; fileRef = 7F8D990528B4DC3B00B09423 /* RecipesViewModel.swift */; };
		7F8D990828B4DFB500B09423 /* RecipeDetailsView.swift in Sources */ = {isa = PBXBuildFile; fileRef = 7F8D990728B4DFB500B09423 /* RecipeDetailsView.swift */; };
		7FC44E9428B65D73009FECD4 /* ChipCustomView.swift in Sources */ = {isa = PBXBuildFile; fileRef = 7FC44E9328B65D73009FECD4 /* ChipCustomView.swift */; };
/* End PBXBuildFile section */

/* Begin PBXContainerItemProxy section */
		7F8D98DF28B47D4900B09423 /* PBXContainerItemProxy */ = {
			isa = PBXContainerItemProxy;
			containerPortal = 7F8D98C628B47D4700B09423 /* Project object */;
			proxyType = 1;
			remoteGlobalIDString = 7F8D98CD28B47D4700B09423;
			remoteInfo = RecipesSearchSwiftUI;
		};
		7F8D98E928B47D4900B09423 /* PBXContainerItemProxy */ = {
			isa = PBXContainerItemProxy;
			containerPortal = 7F8D98C628B47D4700B09423 /* Project object */;
			proxyType = 1;
			remoteGlobalIDString = 7F8D98CD28B47D4700B09423;
			remoteInfo = RecipesSearchSwiftUI;
		};
/* End PBXContainerItemProxy section */

/* Begin PBXFileReference section */
		7F1D0C0428B5352C00DE7304 /* Constants.swift */ = {isa = PBXFileReference; lastKnownFileType = sourcecode.swift; path = Constants.swift; sourceTree = "<group>"; };
		7F1D0C0828B53A6000DE7304 /* RecipesRow.swift */ = {isa = PBXFileReference; lastKnownFileType = sourcecode.swift; path = RecipesRow.swift; sourceTree = "<group>"; };
		7F1D0C0A28B53A9A00DE7304 /* FiltersView.swift */ = {isa = PBXFileReference; lastKnownFileType = sourcecode.swift; path = FiltersView.swift; sourceTree = "<group>"; };
		7F1D0C0C28B53AC200DE7304 /* HealthLablesViews.swift */ = {isa = PBXFileReference; lastKnownFileType = sourcecode.swift; path = HealthLablesViews.swift; sourceTree = "<group>"; };
		7F1D0C0E28B53AEB00DE7304 /* RecipesList.swift */ = {isa = PBXFileReference; lastKnownFileType = sourcecode.swift; path = RecipesList.swift; sourceTree = "<group>"; };
		7F1D0C1028B58E5800DE7304 /* EmptyListViewBuilder.swift */ = {isa = PBXFileReference; lastKnownFileType = sourcecode.swift; path = EmptyListViewBuilder.swift; sourceTree = "<group>"; };
		7F36667B28B61269007175CD /* SafariView.swift */ = {isa = PBXFileReference; lastKnownFileType = sourcecode.swift; path = SafariView.swift; sourceTree = "<group>"; };
		7F8D98CE28B47D4700B09423 /* RecipesSearchSwiftUI.app */ = {isa = PBXFileReference; explicitFileType = wrapper.application; includeInIndex = 0; path = RecipesSearchSwiftUI.app; sourceTree = BUILT_PRODUCTS_DIR; };
		7F8D98D128B47D4700B09423 /* RecipesSearchSwiftUIApp.swift */ = {isa = PBXFileReference; lastKnownFileType = sourcecode.swift; path = RecipesSearchSwiftUIApp.swift; sourceTree = "<group>"; };
		7F8D98D328B47D4700B09423 /* ContentView.swift */ = {isa = PBXFileReference; lastKnownFileType = sourcecode.swift; path = ContentView.swift; sourceTree = "<group>"; };
		7F8D98D528B47D4900B09423 /* Assets.xcassets */ = {isa = PBXFileReference; lastKnownFileType = folder.assetcatalog; path = Assets.xcassets; sourceTree = "<group>"; };
		7F8D98D828B47D4900B09423 /* Preview Assets.xcassets */ = {isa = PBXFileReference; lastKnownFileType = folder.assetcatalog; path = "Preview Assets.xcassets"; sourceTree = "<group>"; };
		7F8D98DE28B47D4900B09423 /* RecipesSearchSwiftUITests.xctest */ = {isa = PBXFileReference; explicitFileType = wrapper.cfbundle; includeInIndex = 0; path = RecipesSearchSwiftUITests.xctest; sourceTree = BUILT_PRODUCTS_DIR; };
		7F8D98E228B47D4900B09423 /* RecipesSearchSwiftUITests.swift */ = {isa = PBXFileReference; lastKnownFileType = sourcecode.swift; path = RecipesSearchSwiftUITests.swift; sourceTree = "<group>"; };
		7F8D98E828B47D4900B09423 /* RecipesSearchSwiftUIUITests.xctest */ = {isa = PBXFileReference; explicitFileType = wrapper.cfbundle; includeInIndex = 0; path = RecipesSearchSwiftUIUITests.xctest; sourceTree = BUILT_PRODUCTS_DIR; };
		7F8D98EC28B47D4900B09423 /* RecipesSearchSwiftUIUITests.swift */ = {isa = PBXFileReference; lastKnownFileType = sourcecode.swift; path = RecipesSearchSwiftUIUITests.swift; sourceTree = "<group>"; };
		7F8D98EE28B47D4900B09423 /* RecipesSearchSwiftUIUITestsLaunchTests.swift */ = {isa = PBXFileReference; lastKnownFileType = sourcecode.swift; path = RecipesSearchSwiftUIUITestsLaunchTests.swift; sourceTree = "<group>"; };
		7F8D98FF28B4DB0400B09423 /* RecipesListView.swift */ = {isa = PBXFileReference; lastKnownFileType = sourcecode.swift; path = RecipesListView.swift; sourceTree = "<group>"; };
		7F8D990228B4DB8D00B09423 /* ResponseModel.swift */ = {isa = PBXFileReference; lastKnownFileType = sourcecode.swift; path = ResponseModel.swift; sourceTree = "<group>"; };
		7F8D990528B4DC3B00B09423 /* RecipesViewModel.swift */ = {isa = PBXFileReference; lastKnownFileType = sourcecode.swift; path = RecipesViewModel.swift; sourceTree = "<group>"; };
		7F8D990728B4DFB500B09423 /* RecipeDetailsView.swift */ = {isa = PBXFileReference; lastKnownFileType = sourcecode.swift; path = RecipeDetailsView.swift; sourceTree = "<group>"; };
		7FC44E9328B65D73009FECD4 /* ChipCustomView.swift */ = {isa = PBXFileReference; lastKnownFileType = sourcecode.swift; path = ChipCustomView.swift; sourceTree = "<group>"; };
/* End PBXFileReference section */

/* Begin PBXFrameworksBuildPhase section */
		7F8D98CB28B47D4700B09423 /* Frameworks */ = {
			isa = PBXFrameworksBuildPhase;
			buildActionMask = 2147483647;
			files = (
				7F8D98FD28B4DA1000B09423 /* Alamofire in Frameworks */,
			);
			runOnlyForDeploymentPostprocessing = 0;
		};
		7F8D98DB28B47D4900B09423 /* Frameworks */ = {
			isa = PBXFrameworksBuildPhase;
			buildActionMask = 2147483647;
			files = (
			);
			runOnlyForDeploymentPostprocessing = 0;
		};
		7F8D98E528B47D4900B09423 /* Frameworks */ = {
			isa = PBXFrameworksBuildPhase;
			buildActionMask = 2147483647;
			files = (
			);
			runOnlyForDeploymentPostprocessing = 0;
		};
/* End PBXFrameworksBuildPhase section */

/* Begin PBXGroup section */
		7F8D98C528B47D4700B09423 = {
			isa = PBXGroup;
			children = (
				7F8D98D028B47D4700B09423 /* RecipesSearchSwiftUI */,
				7F8D98E128B47D4900B09423 /* RecipesSearchSwiftUITests */,
				7F8D98EB28B47D4900B09423 /* RecipesSearchSwiftUIUITests */,
				7F8D98CF28B47D4700B09423 /* Products */,
			);
			sourceTree = "<group>";
		};
		7F8D98CF28B47D4700B09423 /* Products */ = {
			isa = PBXGroup;
			children = (
				7F8D98CE28B47D4700B09423 /* RecipesSearchSwiftUI.app */,
				7F8D98DE28B47D4900B09423 /* RecipesSearchSwiftUITests.xctest */,
				7F8D98E828B47D4900B09423 /* RecipesSearchSwiftUIUITests.xctest */,
			);
			name = Products;
			sourceTree = "<group>";
		};
		7F8D98D028B47D4700B09423 /* RecipesSearchSwiftUI */ = {
			isa = PBXGroup;
			children = (
				7F8D990B28B52A9C00B09423 /* Utils */,
				7F8D990428B4DC2000B09423 /* ViewModel */,
				7F8D990128B4DB7300B09423 /* Model */,
				7F8D98FE28B4DAE300B09423 /* Views */,
				7F8D98D128B47D4700B09423 /* RecipesSearchSwiftUIApp.swift */,
				7F8D98D328B47D4700B09423 /* ContentView.swift */,
				7F8D98D528B47D4900B09423 /* Assets.xcassets */,
				7F8D98D728B47D4900B09423 /* Preview Content */,
			);
			path = RecipesSearchSwiftUI;
			sourceTree = "<group>";
		};
		7F8D98D728B47D4900B09423 /* Preview Content */ = {
			isa = PBXGroup;
			children = (
				7F8D98D828B47D4900B09423 /* Preview Assets.xcassets */,
			);
			path = "Preview Content";
			sourceTree = "<group>";
		};
		7F8D98E128B47D4900B09423 /* RecipesSearchSwiftUITests */ = {
			isa = PBXGroup;
			children = (
				7F8D98E228B47D4900B09423 /* RecipesSearchSwiftUITests.swift */,
			);
			path = RecipesSearchSwiftUITests;
			sourceTree = "<group>";
		};
		7F8D98EB28B47D4900B09423 /* RecipesSearchSwiftUIUITests */ = {
			isa = PBXGroup;
			children = (
				7F8D98EC28B47D4900B09423 /* RecipesSearchSwiftUIUITests.swift */,
				7F8D98EE28B47D4900B09423 /* RecipesSearchSwiftUIUITestsLaunchTests.swift */,
			);
			path = RecipesSearchSwiftUIUITests;
			sourceTree = "<group>";
		};
		7F8D98FE28B4DAE300B09423 /* Views */ = {
			isa = PBXGroup;
			children = (
				7F8D98FF28B4DB0400B09423 /* RecipesListView.swift */,
				7F8D990728B4DFB500B09423 /* RecipeDetailsView.swift */,
				7F1D0C0828B53A6000DE7304 /* RecipesRow.swift */,
				7F1D0C0A28B53A9A00DE7304 /* FiltersView.swift */,
				7F1D0C0C28B53AC200DE7304 /* HealthLablesViews.swift */,
				7F1D0C0E28B53AEB00DE7304 /* RecipesList.swift */,
				7F1D0C1028B58E5800DE7304 /* EmptyListViewBuilder.swift */,
				7F36667B28B61269007175CD /* SafariView.swift */,
				7FC44E9328B65D73009FECD4 /* ChipCustomView.swift */,
			);
			path = Views;
			sourceTree = "<group>";
		};
		7F8D990128B4DB7300B09423 /* Model */ = {
			isa = PBXGroup;
			children = (
				7F8D990228B4DB8D00B09423 /* ResponseModel.swift */,
			);
			path = Model;
			sourceTree = "<group>";
		};
		7F8D990428B4DC2000B09423 /* ViewModel */ = {
			isa = PBXGroup;
			children = (
				7F8D990528B4DC3B00B09423 /* RecipesViewModel.swift */,
			);
			path = ViewModel;
			sourceTree = "<group>";
		};
		7F8D990B28B52A9C00B09423 /* Utils */ = {
			isa = PBXGroup;
			children = (
				7F1D0C0428B5352C00DE7304 /* Constants.swift */,
			);
			path = Utils;
			sourceTree = "<group>";
		};
/* End PBXGroup section */

/* Begin PBXNativeTarget section */
		7F8D98CD28B47D4700B09423 /* RecipesSearchSwiftUI */ = {
			isa = PBXNativeTarget;
			buildConfigurationList = 7F8D98F228B47D4900B09423 /* Build configuration list for PBXNativeTarget "RecipesSearchSwiftUI" */;
			buildPhases = (
				7F8D98CA28B47D4700B09423 /* Sources */,
				7F8D98CB28B47D4700B09423 /* Frameworks */,
				7F8D98CC28B47D4700B09423 /* Resources */,
			);
			buildRules = (
			);
			dependencies = (
			);
			name = RecipesSearchSwiftUI;
			packageProductDependencies = (
				7F8D98FC28B4DA1000B09423 /* Alamofire */,
			);
			productName = RecipesSearchSwiftUI;
			productReference = 7F8D98CE28B47D4700B09423 /* RecipesSearchSwiftUI.app */;
			productType = "com.apple.product-type.application";
		};
		7F8D98DD28B47D4900B09423 /* RecipesSearchSwiftUITests */ = {
			isa = PBXNativeTarget;
			buildConfigurationList = 7F8D98F528B47D4900B09423 /* Build configuration list for PBXNativeTarget "RecipesSearchSwiftUITests" */;
			buildPhases = (
				7F8D98DA28B47D4900B09423 /* Sources */,
				7F8D98DB28B47D4900B09423 /* Frameworks */,
				7F8D98DC28B47D4900B09423 /* Resources */,
			);
			buildRules = (
			);
			dependencies = (
				7F8D98E028B47D4900B09423 /* PBXTargetDependency */,
			);
			name = RecipesSearchSwiftUITests;
			productName = RecipesSearchSwiftUITests;
			productReference = 7F8D98DE28B47D4900B09423 /* RecipesSearchSwiftUITests.xctest */;
			productType = "com.apple.product-type.bundle.unit-test";
		};
		7F8D98E728B47D4900B09423 /* RecipesSearchSwiftUIUITests */ = {
			isa = PBXNativeTarget;
			buildConfigurationList = 7F8D98F828B47D4900B09423 /* Build configuration list for PBXNativeTarget "RecipesSearchSwiftUIUITests" */;
			buildPhases = (
				7F8D98E428B47D4900B09423 /* Sources */,
				7F8D98E528B47D4900B09423 /* Frameworks */,
				7F8D98E628B47D4900B09423 /* Resources */,
			);
			buildRules = (
			);
			dependencies = (
				7F8D98EA28B47D4900B09423 /* PBXTargetDependency */,
			);
			name = RecipesSearchSwiftUIUITests;
			productName = RecipesSearchSwiftUIUITests;
			productReference = 7F8D98E828B47D4900B09423 /* RecipesSearchSwiftUIUITests.xctest */;
			productType = "com.apple.product-type.bundle.ui-testing";
		};
/* End PBXNativeTarget section */

/* Begin PBXProject section */
		7F8D98C628B47D4700B09423 /* Project object */ = {
			isa = PBXProject;
			attributes = {
				BuildIndependentTargetsInParallel = 1;
				LastSwiftUpdateCheck = 1340;
				LastUpgradeCheck = 1340;
				TargetAttributes = {
					7F8D98CD28B47D4700B09423 = {
						CreatedOnToolsVersion = 13.4.1;
					};
					7F8D98DD28B47D4900B09423 = {
						CreatedOnToolsVersion = 13.4.1;
						TestTargetID = 7F8D98CD28B47D4700B09423;
					};
					7F8D98E728B47D4900B09423 = {
						CreatedOnToolsVersion = 13.4.1;
						TestTargetID = 7F8D98CD28B47D4700B09423;
					};
				};
			};
			buildConfigurationList = 7F8D98C928B47D4700B09423 /* Build configuration list for PBXProject "RecipesSearchSwiftUI" */;
			compatibilityVersion = "Xcode 13.0";
			developmentRegion = en;
			hasScannedForEncodings = 0;
			knownRegions = (
				en,
				Base,
			);
			mainGroup = 7F8D98C528B47D4700B09423;
			packageReferences = (
				7F8D98FB28B4DA1000B09423 /* XCRemoteSwiftPackageReference "Alamofire" */,
			);
			productRefGroup = 7F8D98CF28B47D4700B09423 /* Products */;
			projectDirPath = "";
			projectRoot = "";
			targets = (
				7F8D98CD28B47D4700B09423 /* RecipesSearchSwiftUI */,
				7F8D98DD28B47D4900B09423 /* RecipesSearchSwiftUITests */,
				7F8D98E728B47D4900B09423 /* RecipesSearchSwiftUIUITests */,
			);
		};
/* End PBXProject section */

/* Begin PBXResourcesBuildPhase section */
		7F8D98CC28B47D4700B09423 /* Resources */ = {
			isa = PBXResourcesBuildPhase;
			buildActionMask = 2147483647;
			files = (
				7F8D98D928B47D4900B09423 /* Preview Assets.xcassets in Resources */,
				7F8D98D628B47D4900B09423 /* Assets.xcassets in Resources */,
			);
			runOnlyForDeploymentPostprocessing = 0;
		};
		7F8D98DC28B47D4900B09423 /* Resources */ = {
			isa = PBXResourcesBuildPhase;
			buildActionMask = 2147483647;
			files = (
			);
			runOnlyForDeploymentPostprocessing = 0;
		};
		7F8D98E628B47D4900B09423 /* Resources */ = {
			isa = PBXResourcesBuildPhase;
			buildActionMask = 2147483647;
			files = (
			);
			runOnlyForDeploymentPostprocessing = 0;
		};
/* End PBXResourcesBuildPhase section */

/* Begin PBXSourcesBuildPhase section */
		7F8D98CA28B47D4700B09423 /* Sources */ = {
			isa = PBXSourcesBuildPhase;
			buildActionMask = 2147483647;
			files = (
				7F1D0C0D28B53AC200DE7304 /* HealthLablesViews.swift in Sources */,
				7F8D98D428B47D4700B09423 /* ContentView.swift in Sources */,
				7F36667C28B61269007175CD /* SafariView.swift in Sources */,
				7F1D0C1128B58E5800DE7304 /* EmptyListViewBuilder.swift in Sources */,
				7F8D990828B4DFB500B09423 /* RecipeDetailsView.swift in Sources */,
				7F8D990028B4DB0400B09423 /* RecipesListView.swift in Sources */,
				7F1D0C0B28B53A9A00DE7304 /* FiltersView.swift in Sources */,
				7F1D0C0928B53A6000DE7304 /* RecipesRow.swift in Sources */,
				7F8D990628B4DC3B00B09423 /* RecipesViewModel.swift in Sources */,
				7FC44E9428B65D73009FECD4 /* ChipCustomView.swift in Sources */,
				7F8D990328B4DB8D00B09423 /* ResponseModel.swift in Sources */,
				7F8D98D228B47D4700B09423 /* RecipesSearchSwiftUIApp.swift in Sources */,
				7F1D0C0528B5352C00DE7304 /* Constants.swift in Sources */,
				7F1D0C0F28B53AEB00DE7304 /* RecipesList.swift in Sources */,
			);
			runOnlyForDeploymentPostprocessing = 0;
		};
		7F8D98DA28B47D4900B09423 /* Sources */ = {
			isa = PBXSourcesBuildPhase;
			buildActionMask = 2147483647;
			files = (
				7F8D98E328B47D4900B09423 /* RecipesSearchSwiftUITests.swift in Sources */,
			);
			runOnlyForDeploymentPostprocessing = 0;
		};
		7F8D98E428B47D4900B09423 /* Sources */ = {
			isa = PBXSourcesBuildPhase;
			buildActionMask = 2147483647;
			files = (
				7F8D98EF28B47D4900B09423 /* RecipesSearchSwiftUIUITestsLaunchTests.swift in Sources */,
				7F8D98ED28B47D4900B09423 /* RecipesSearchSwiftUIUITests.swift in Sources */,
			);
			runOnlyForDeploymentPostprocessing = 0;
		};
/* End PBXSourcesBuildPhase section */

/* Begin PBXTargetDependency section */
		7F8D98E028B47D4900B09423 /* PBXTargetDependency */ = {
			isa = PBXTargetDependency;
			target = 7F8D98CD28B47D4700B09423 /* RecipesSearchSwiftUI */;
			targetProxy = 7F8D98DF28B47D4900B09423 /* PBXContainerItemProxy */;
		};
		7F8D98EA28B47D4900B09423 /* PBXTargetDependency */ = {
			isa = PBXTargetDependency;
			target = 7F8D98CD28B47D4700B09423 /* RecipesSearchSwiftUI */;
			targetProxy = 7F8D98E928B47D4900B09423 /* PBXContainerItemProxy */;
		};
/* End PBXTargetDependency section */

/* Begin XCBuildConfiguration section */
		7F8D98F028B47D4900B09423 /* Debug */ = {
			isa = XCBuildConfiguration;
			buildSettings = {
				ALWAYS_SEARCH_USER_PATHS = NO;
				CLANG_ANALYZER_NONNULL = YES;
				CLANG_ANALYZER_NUMBER_OBJECT_CONVERSION = YES_AGGRESSIVE;
				CLANG_CXX_LANGUAGE_STANDARD = "gnu++17";
				CLANG_ENABLE_MODULES = YES;
				CLANG_ENABLE_OBJC_ARC = YES;
				CLANG_ENABLE_OBJC_WEAK = YES;
				CLANG_WARN_BLOCK_CAPTURE_AUTORELEASING = YES;
				CLANG_WARN_BOOL_CONVERSION = YES;
				CLANG_WARN_COMMA = YES;
				CLANG_WARN_CONSTANT_CONVERSION = YES;
				CLANG_WARN_DEPRECATED_OBJC_IMPLEMENTATIONS = YES;
				CLANG_WARN_DIRECT_OBJC_ISA_USAGE = YES_ERROR;
				CLANG_WARN_DOCUMENTATION_COMMENTS = YES;
				CLANG_WARN_EMPTY_BODY = YES;
				CLANG_WARN_ENUM_CONVERSION = YES;
				CLANG_WARN_INFINITE_RECURSION = YES;
				CLANG_WARN_INT_CONVERSION = YES;
				CLANG_WARN_NON_LITERAL_NULL_CONVERSION = YES;
				CLANG_WARN_OBJC_IMPLICIT_RETAIN_SELF = YES;
				CLANG_WARN_OBJC_LITERAL_CONVERSION = YES;
				CLANG_WARN_OBJC_ROOT_CLASS = YES_ERROR;
				CLANG_WARN_QUOTED_INCLUDE_IN_FRAMEWORK_HEADER = YES;
				CLANG_WARN_RANGE_LOOP_ANALYSIS = YES;
				CLANG_WARN_STRICT_PROTOTYPES = YES;
				CLANG_WARN_SUSPICIOUS_MOVE = YES;
				CLANG_WARN_UNGUARDED_AVAILABILITY = YES_AGGRESSIVE;
				CLANG_WARN_UNREACHABLE_CODE = YES;
				CLANG_WARN__DUPLICATE_METHOD_MATCH = YES;
				COPY_PHASE_STRIP = NO;
				DEBUG_INFORMATION_FORMAT = dwarf;
				ENABLE_STRICT_OBJC_MSGSEND = YES;
				ENABLE_TESTABILITY = YES;
				GCC_C_LANGUAGE_STANDARD = gnu11;
				GCC_DYNAMIC_NO_PIC = NO;
				GCC_NO_COMMON_BLOCKS = YES;
				GCC_OPTIMIZATION_LEVEL = 0;
				GCC_PREPROCESSOR_DEFINITIONS = (
					"DEBUG=1",
					"$(inherited)",
				);
				GCC_WARN_64_TO_32_BIT_CONVERSION = YES;
				GCC_WARN_ABOUT_RETURN_TYPE = YES_ERROR;
				GCC_WARN_UNDECLARED_SELECTOR = YES;
				GCC_WARN_UNINITIALIZED_AUTOS = YES_AGGRESSIVE;
				GCC_WARN_UNUSED_FUNCTION = YES;
				GCC_WARN_UNUSED_VARIABLE = YES;
				IPHONEOS_DEPLOYMENT_TARGET = 15.5;
				MTL_ENABLE_DEBUG_INFO = INCLUDE_SOURCE;
				MTL_FAST_MATH = YES;
				ONLY_ACTIVE_ARCH = YES;
				SDKROOT = iphoneos;
				SWIFT_ACTIVE_COMPILATION_CONDITIONS = DEBUG;
				SWIFT_OPTIMIZATION_LEVEL = "-Onone";
			};
			name = Debug;
		};
		7F8D98F128B47D4900B09423 /* Release */ = {
			isa = XCBuildConfiguration;
			buildSettings = {
				ALWAYS_SEARCH_USER_PATHS = NO;
				CLANG_ANALYZER_NONNULL = YES;
				CLANG_ANALYZER_NUMBER_OBJECT_CONVERSION = YES_AGGRESSIVE;
				CLANG_CXX_LANGUAGE_STANDARD = "gnu++17";
				CLANG_ENABLE_MODULES = YES;
				CLANG_ENABLE_OBJC_ARC = YES;
				CLANG_ENABLE_OBJC_WEAK = YES;
				CLANG_WARN_BLOCK_CAPTURE_AUTORELEASING = YES;
				CLANG_WARN_BOOL_CONVERSION = YES;
				CLANG_WARN_COMMA = YES;
				CLANG_WARN_CONSTANT_CONVERSION = YES;
				CLANG_WARN_DEPRECATED_OBJC_IMPLEMENTATIONS = YES;
				CLANG_WARN_DIRECT_OBJC_ISA_USAGE = YES_ERROR;
				CLANG_WARN_DOCUMENTATION_COMMENTS = YES;
				CLANG_WARN_EMPTY_BODY = YES;
				CLANG_WARN_ENUM_CONVERSION = YES;
				CLANG_WARN_INFINITE_RECURSION = YES;
				CLANG_WARN_INT_CONVERSION = YES;
				CLANG_WARN_NON_LITERAL_NULL_CONVERSION = YES;
				CLANG_WARN_OBJC_IMPLICIT_RETAIN_SELF = YES;
				CLANG_WARN_OBJC_LITERAL_CONVERSION = YES;
				CLANG_WARN_OBJC_ROOT_CLASS = YES_ERROR;
				CLANG_WARN_QUOTED_INCLUDE_IN_FRAMEWORK_HEADER = YES;
				CLANG_WARN_RANGE_LOOP_ANALYSIS = YES;
				CLANG_WARN_STRICT_PROTOTYPES = YES;
				CLANG_WARN_SUSPICIOUS_MOVE = YES;
				CLANG_WARN_UNGUARDED_AVAILABILITY = YES_AGGRESSIVE;
				CLANG_WARN_UNREACHABLE_CODE = YES;
				CLANG_WARN__DUPLICATE_METHOD_MATCH = YES;
				COPY_PHASE_STRIP = NO;
				DEBUG_INFORMATION_FORMAT = "dwarf-with-dsym";
				ENABLE_NS_ASSERTIONS = NO;
				ENABLE_STRICT_OBJC_MSGSEND = YES;
				GCC_C_LANGUAGE_STANDARD = gnu11;
				GCC_NO_COMMON_BLOCKS = YES;
				GCC_WARN_64_TO_32_BIT_CONVERSION = YES;
				GCC_WARN_ABOUT_RETURN_TYPE = YES_ERROR;
				GCC_WARN_UNDECLARED_SELECTOR = YES;
				GCC_WARN_UNINITIALIZED_AUTOS = YES_AGGRESSIVE;
				GCC_WARN_UNUSED_FUNCTION = YES;
				GCC_WARN_UNUSED_VARIABLE = YES;
				IPHONEOS_DEPLOYMENT_TARGET = 15.5;
				MTL_ENABLE_DEBUG_INFO = NO;
				MTL_FAST_MATH = YES;
				SDKROOT = iphoneos;
				SWIFT_COMPILATION_MODE = wholemodule;
				SWIFT_OPTIMIZATION_LEVEL = "-O";
				VALIDATE_PRODUCT = YES;
			};
			name = Release;
		};
		7F8D98F328B47D4900B09423 /* Debug */ = {
			isa = XCBuildConfiguration;
			buildSettings = {
				ASSETCATALOG_COMPILER_APPICON_NAME = AppIcon;
				ASSETCATALOG_COMPILER_GLOBAL_ACCENT_COLOR_NAME = AccentColor;
				CODE_SIGN_STYLE = Automatic;
				CURRENT_PROJECT_VERSION = 1;
				DEVELOPMENT_ASSET_PATHS = "\"RecipesSearchSwiftUI/Preview Content\"";
				ENABLE_PREVIEWS = YES;
				GENERATE_INFOPLIST_FILE = YES;
				INFOPLIST_KEY_UIApplicationSceneManifest_Generation = YES;
				INFOPLIST_KEY_UIApplicationSupportsIndirectInputEvents = YES;
				INFOPLIST_KEY_UILaunchScreen_Generation = YES;
				INFOPLIST_KEY_UISupportedInterfaceOrientations_iPad = "UIInterfaceOrientationPortrait UIInterfaceOrientationPortraitUpsideDown UIInterfaceOrientationLandscapeLeft UIInterfaceOrientationLandscapeRight";
				INFOPLIST_KEY_UISupportedInterfaceOrientations_iPhone = "UIInterfaceOrientationPortrait UIInterfaceOrientationLandscapeLeft UIInterfaceOrientationLandscapeRight";
				LD_RUNPATH_SEARCH_PATHS = (
					"$(inherited)",
					"@executable_path/Frameworks",
				);
				MARKETING_VERSION = 1.0;
				PRODUCT_BUNDLE_IDENTIFIER = "Ghada-Mustafa.RecipesSearchSwiftUI";
				PRODUCT_NAME = "$(TARGET_NAME)";
				SWIFT_EMIT_LOC_STRINGS = YES;
				SWIFT_VERSION = 5.0;
				TARGETED_DEVICE_FAMILY = "1,2";
			};
			name = Debug;
		};
		7F8D98F428B47D4900B09423 /* Release */ = {
			isa = XCBuildConfiguration;
			buildSettings = {
				ASSETCATALOG_COMPILER_APPICON_NAME = AppIcon;
				ASSETCATALOG_COMPILER_GLOBAL_ACCENT_COLOR_NAME = AccentColor;
				CODE_SIGN_STYLE = Automatic;
				CURRENT_PROJECT_VERSION = 1;
				DEVELOPMENT_ASSET_PATHS = "\"RecipesSearchSwiftUI/Preview Content\"";
				ENABLE_PREVIEWS = YES;
				GENERATE_INFOPLIST_FILE = YES;
				INFOPLIST_KEY_UIApplicationSceneManifest_Generation = YES;
				INFOPLIST_KEY_UIApplicationSupportsIndirectInputEvents = YES;
				INFOPLIST_KEY_UILaunchScreen_Generation = YES;
				INFOPLIST_KEY_UISupportedInterfaceOrientations_iPad = "UIInterfaceOrientationPortrait UIInterfaceOrientationPortraitUpsideDown UIInterfaceOrientationLandscapeLeft UIInterfaceOrientationLandscapeRight";
				INFOPLIST_KEY_UISupportedInterfaceOrientations_iPhone = "UIInterfaceOrientationPortrait UIInterfaceOrientationLandscapeLeft UIInterfaceOrientationLandscapeRight";
				LD_RUNPATH_SEARCH_PATHS = (
					"$(inherited)",
					"@executable_path/Frameworks",
				);
				MARKETING_VERSION = 1.0;
				PRODUCT_BUNDLE_IDENTIFIER = "Ghada-Mustafa.RecipesSearchSwiftUI";
				PRODUCT_NAME = "$(TARGET_NAME)";
				SWIFT_EMIT_LOC_STRINGS = YES;
				SWIFT_VERSION = 5.0;
				TARGETED_DEVICE_FAMILY = "1,2";
			};
			name = Release;
		};
		7F8D98F628B47D4900B09423 /* Debug */ = {
			isa = XCBuildConfiguration;
			buildSettings = {
				ALWAYS_EMBED_SWIFT_STANDARD_LIBRARIES = YES;
				BUNDLE_LOADER = "$(TEST_HOST)";
				CODE_SIGN_STYLE = Automatic;
				CURRENT_PROJECT_VERSION = 1;
				GENERATE_INFOPLIST_FILE = YES;
				IPHONEOS_DEPLOYMENT_TARGET = 15.5;
				MARKETING_VERSION = 1.0;
				PRODUCT_BUNDLE_IDENTIFIER = "Ghada-Mustafa.RecipesSearchSwiftUITests";
				PRODUCT_NAME = "$(TARGET_NAME)";
				SWIFT_EMIT_LOC_STRINGS = NO;
				SWIFT_VERSION = 5.0;
				TARGETED_DEVICE_FAMILY = "1,2";
				TEST_HOST = "$(BUILT_PRODUCTS_DIR)/RecipesSearchSwiftUI.app/RecipesSearchSwiftUI";
			};
			name = Debug;
		};
		7F8D98F728B47D4900B09423 /* Release */ = {
			isa = XCBuildConfiguration;
			buildSettings = {
				ALWAYS_EMBED_SWIFT_STANDARD_LIBRARIES = YES;
				BUNDLE_LOADER = "$(TEST_HOST)";
				CODE_SIGN_STYLE = Automatic;
				CURRENT_PROJECT_VERSION = 1;
				GENERATE_INFOPLIST_FILE = YES;
				IPHONEOS_DEPLOYMENT_TARGET = 15.5;
				MARKETING_VERSION = 1.0;
				PRODUCT_BUNDLE_IDENTIFIER = "Ghada-Mustafa.RecipesSearchSwiftUITests";
				PRODUCT_NAME = "$(TARGET_NAME)";
				SWIFT_EMIT_LOC_STRINGS = NO;
				SWIFT_VERSION = 5.0;
				TARGETED_DEVICE_FAMILY = "1,2";
				TEST_HOST = "$(BUILT_PRODUCTS_DIR)/RecipesSearchSwiftUI.app/RecipesSearchSwiftUI";
			};
			name = Release;
		};
		7F8D98F928B47D4900B09423 /* Debug */ = {
			isa = XCBuildConfiguration;
			buildSettings = {
				ALWAYS_EMBED_SWIFT_STANDARD_LIBRARIES = YES;
				CODE_SIGN_STYLE = Automatic;
				CURRENT_PROJECT_VERSION = 1;
				GENERATE_INFOPLIST_FILE = YES;
				MARKETING_VERSION = 1.0;
				PRODUCT_BUNDLE_IDENTIFIER = "Ghada-Mustafa.RecipesSearchSwiftUIUITests";
				PRODUCT_NAME = "$(TARGET_NAME)";
				SWIFT_EMIT_LOC_STRINGS = NO;
				SWIFT_VERSION = 5.0;
				TARGETED_DEVICE_FAMILY = "1,2";
				TEST_TARGET_NAME = RecipesSearchSwiftUI;
			};
			name = Debug;
		};
		7F8D98FA28B47D4900B09423 /* Release */ = {
			isa = XCBuildConfiguration;
			buildSettings = {
				ALWAYS_EMBED_SWIFT_STANDARD_LIBRARIES = YES;
				CODE_SIGN_STYLE = Automatic;
				CURRENT_PROJECT_VERSION = 1;
				GENERATE_INFOPLIST_FILE = YES;
				MARKETING_VERSION = 1.0;
				PRODUCT_BUNDLE_IDENTIFIER = "Ghada-Mustafa.RecipesSearchSwiftUIUITests";
				PRODUCT_NAME = "$(TARGET_NAME)";
				SWIFT_EMIT_LOC_STRINGS = NO;
				SWIFT_VERSION = 5.0;
				TARGETED_DEVICE_FAMILY = "1,2";
				TEST_TARGET_NAME = RecipesSearchSwiftUI;
			};
			name = Release;
		};
/* End XCBuildConfiguration section */

/* Begin XCConfigurationList section */
		7F8D98C928B47D4700B09423 /* Build configuration list for PBXProject "RecipesSearchSwiftUI" */ = {
			isa = XCConfigurationList;
			buildConfigurations = (
				7F8D98F028B47D4900B09423 /* Debug */,
				7F8D98F128B47D4900B09423 /* Release */,
			);
			defaultConfigurationIsVisible = 0;
			defaultConfigurationName = Release;
		};
		7F8D98F228B47D4900B09423 /* Build configuration list for PBXNativeTarget "RecipesSearchSwiftUI" */ = {
			isa = XCConfigurationList;
			buildConfigurations = (
				7F8D98F328B47D4900B09423 /* Debug */,
				7F8D98F428B47D4900B09423 /* Release */,
			);
			defaultConfigurationIsVisible = 0;
			defaultConfigurationName = Release;
		};
		7F8D98F528B47D4900B09423 /* Build configuration list for PBXNativeTarget "RecipesSearchSwiftUITests" */ = {
			isa = XCConfigurationList;
			buildConfigurations = (
				7F8D98F628B47D4900B09423 /* Debug */,
				7F8D98F728B47D4900B09423 /* Release */,
			);
			defaultConfigurationIsVisible = 0;
			defaultConfigurationName = Release;
		};
		7F8D98F828B47D4900B09423 /* Build configuration list for PBXNativeTarget "RecipesSearchSwiftUIUITests" */ = {
			isa = XCConfigurationList;
			buildConfigurations = (
				7F8D98F928B47D4900B09423 /* Debug */,
				7F8D98FA28B47D4900B09423 /* Release */,
			);
			defaultConfigurationIsVisible = 0;
			defaultConfigurationName = Release;
		};
/* End XCConfigurationList section */

/* Begin XCRemoteSwiftPackageReference section */
		7F8D98FB28B4DA1000B09423 /* XCRemoteSwiftPackageReference "Alamofire" */ = {
			isa = XCRemoteSwiftPackageReference;
			repositoryURL = "https://github.com/Alamofire/Alamofire.git";
			requirement = {
				kind = upToNextMajorVersion;
				minimumVersion = 5.0.0;
			};
		};
/* End XCRemoteSwiftPackageReference section */

/* Begin XCSwiftPackageProductDependency section */
		7F8D98FC28B4DA1000B09423 /* Alamofire */ = {
			isa = XCSwiftPackageProductDependency;
			package = 7F8D98FB28B4DA1000B09423 /* XCRemoteSwiftPackageReference "Alamofire" */;
			productName = Alamofire;
		};
/* End XCSwiftPackageProductDependency section */
	};
	rootObject = 7F8D98C628B47D4700B09423 /* Project object */;
}
