{
  "pins" : [
    {
      "identity" : "alamofire",
      "kind" : "remoteSourceControl",
      "location" : "https://github.com/Alamofire/Alamofire.git",
      "state" : {
        "revision" : "8dd85aee02e39dd280c75eef88ffdb86eed4b07b",
        "version" : "5.6.2"
      }
    },
    {
      "identity" : "debouncedonchange",
      "kind" : "remoteSourceControl",
      "location" : "https://github.com/Tunous/DebouncedOnChange.git",
      "state" : {
        "revision" : "27070b63575c06ba91678a026459c528c18d0cb1",
        "version" : "1.0.1"
      }
    }
  ],
  "version" : 2
}
